
Microsoft Visual Studio Solution File, Format Version 12.00
# Visual Studio Version 17
VisualStudioVersion = 17.14.36518.9
MinimumVisualStudioVersion = 10.0.40219.1
Project("{8BC9CEB8-8B4A-11D0-8D11-00A0C91BC942}") = "1", "1\1.vcxproj", "{7CF8935A-812A-41C6-95A2-80373C0EEA6E}"
EndProject
Project("{8BC9CEB8-8B4A-11D0-8D11-00A0C91BC942}") = "2", "2\2.vcxproj", "{697E7F9F-F137-4A26-9422-C2FB1287F3C2}"
EndProject
Project("{8BC9CEB8-8B4A-11D0-8D11-00A0C91BC942}") = "3", "3\3.vcxproj", "{2428225C-A2F3-4C35-A518-A610C4215A1A}"
EndProject
Project("{8BC9CEB8-8B4A-11D0-8D11-00A0C91BC942}") = "4", "4\4.vcxproj", "{3FDA8088-D617-42FC-B61C-DCB083E120CE}"
EndProject
Project("{8BC9CEB8-8B4A-11D0-8D11-00A0C91BC942}") = "5", "5\5.vcxproj", "{003A91E3-DB5A-4024-A3F9-4B05FBE2B211}"
EndProject
Project("{8BC9CEB8-8B4A-11D0-8D11-00A0C91BC942}") = "6", "6\6.vcxproj", "{107A910E-399C-4450-AA9A-06A3D0FB6D34}"
EndProject
Project("{8BC9CEB8-8B4A-11D0-8D11-00A0C91BC942}") = "7", "7\7.vcxproj", "{DAE48AC3-A1D8-494B-BEA4-F1BBF4F76956}"
EndProject
Project("{8BC9CEB8-8B4A-11D0-8D11-00A0C91BC942}") = "8", "8\8.vcxproj", "{A89B5F9B-4460-4469-84FF-C67009A7972A}"
EndProject
Global
	GlobalSection(SolutionConfigurationPlatforms) = preSolution
		Debug|x64 = Debug|x64
		Debug|x86 = Debug|x86
		Release|x64 = Release|x64
		Release|x86 = Release|x86
	EndGlobalSection
	GlobalSection(ProjectConfigurationPlatforms) = postSolution
		{7CF8935A-812A-41C6-95A2-80373C0EEA6E}.Debug|x64.ActiveCfg = Debug|x64
		{7CF8935A-812A-41C6-95A2-80373C0EEA6E}.Debug|x64.Build.0 = Debug|x64
		{7CF8935A-812A-41C6-95A2-80373C0EEA6E}.Debug|x86.ActiveCfg = Debug|Win32
		{7CF8935A-812A-41C6-95A2-80373C0EEA6E}.Debug|x86.Build.0 = Debug|Win32
		{7CF8935A-812A-41C6-95A2-80373C0EEA6E}.Release|x64.ActiveCfg = Release|x64
		{7CF8935A-812A-41C6-95A2-80373C0EEA6E}.Release|x64.Build.0 = Release|x64
		{7CF8935A-812A-41C6-95A2-80373C0EEA6E}.Release|x86.ActiveCfg = Release|Win32
		{7CF8935A-812A-41C6-95A2-80373C0EEA6E}.Release|x86.Build.0 = Release|Win32
		{697E7F9F-F137-4A26-9422-C2FB1287F3C2}.Debug|x64.ActiveCfg = Debug|x64
		{697E7F9F-F137-4A26-9422-C2FB1287F3C2}.Debug|x64.Build.0 = Debug|x64
		{697E7F9F-F137-4A26-9422-C2FB1287F3C2}.Debug|x86.ActiveCfg = Debug|Win32
		{697E7F9F-F137-4A26-9422-C2FB1287F3C2}.Debug|x86.Build.0 = Debug|Win32
		{697E7F9F-F137-4A26-9422-C2FB1287F3C2}.Release|x64.ActiveCfg = Release|x64
		{697E7F9F-F137-4A26-9422-C2FB1287F3C2}.Release|x64.Build.0 = Release|x64
		{697E7F9F-F137-4A26-9422-C2FB1287F3C2}.Release|x86.ActiveCfg = Release|Win32
		{697E7F9F-F137-4A26-9422-C2FB1287F3C2}.Release|x86.Build.0 = Release|Win32
		{2428225C-A2F3-4C35-A518-A610C4215A1A}.Debug|x64.ActiveCfg = Debug|x64
		{2428225C-A2F3-4C35-A518-A610C4215A1A}.Debug|x64.Build.0 = Debug|x64
		{2428225C-A2F3-4C35-A518-A610C4215A1A}.Debug|x86.ActiveCfg = Debug|Win32
		{2428225C-A2F3-4C35-A518-A610C4215A1A}.Debug|x86.Build.0 = Debug|Win32
		{2428225C-A2F3-4C35-A518-A610C4215A1A}.Release|x64.ActiveCfg = Release|x64
		{2428225C-A2F3-4C35-A518-A610C4215A1A}.Release|x64.Build.0 = Release|x64
		{2428225C-A2F3-4C35-A518-A610C4215A1A}.Release|x86.ActiveCfg = Release|Win32
		{2428225C-A2F3-4C35-A518-A610C4215A1A}.Release|x86.Build.0 = Release|Win32
		{3FDA8088-D617-42FC-B61C-DCB083E120CE}.Debug|x64.ActiveCfg = Debug|x64
		{3FDA8088-D617-42FC-B61C-DCB083E120CE}.Debug|x64.Build.0 = Debug|x64
		{3FDA8088-D617-42FC-B61C-DCB083E120CE}.Debug|x86.ActiveCfg = Debug|Win32
		{3FDA8088-D617-42FC-B61C-DCB083E120CE}.Debug|x86.Build.0 = Debug|Win32
		{3FDA8088-D617-42FC-B61C-DCB083E120CE}.Release|x64.ActiveCfg = Release|x64
		{3FDA8088-D617-42FC-B61C-DCB083E120CE}.Release|x64.Build.0 = Release|x64
		{3FDA8088-D617-42FC-B61C-DCB083E120CE}.Release|x86.ActiveCfg = Release|Win32
		{3FDA8088-D617-42FC-B61C-DCB083E120CE}.Release|x86.Build.0 = Release|Win32
		{003A91E3-DB5A-4024-A3F9-4B05FBE2B211}.Debug|x64.ActiveCfg = Debug|x64
		{003A91E3-DB5A-4024-A3F9-4B05FBE2B211}.Debug|x64.Build.0 = Debug|x64
		{003A91E3-DB5A-4024-A3F9-4B05FBE2B211}.Debug|x86.ActiveCfg = Debug|Win32
		{003A91E3-DB5A-4024-A3F9-4B05FBE2B211}.Debug|x86.Build.0 = Debug|Win32
		{003A91E3-DB5A-4024-A3F9-4B05FBE2B211}.Release|x64.ActiveCfg = Release|x64
		{003A91E3-DB5A-4024-A3F9-4B05FBE2B211}.Release|x64.Build.0 = Release|x64
		{003A91E3-DB5A-4024-A3F9-4B05FBE2B211}.Release|x86.ActiveCfg = Release|Win32
		{003A91E3-DB5A-4024-A3F9-4B05FBE2B211}.Release|x86.Build.0 = Release|Win32
		{107A910E-399C-4450-AA9A-06A3D0FB6D34}.Debug|x64.ActiveCfg = Debug|x64
		{107A910E-399C-4450-AA9A-06A3D0FB6D34}.Debug|x64.Build.0 = Debug|x64
		{107A910E-399C-4450-AA9A-06A3D0FB6D34}.Debug|x86.ActiveCfg = Debug|Win32
		{107A910E-399C-4450-AA9A-06A3D0FB6D34}.Debug|x86.Build.0 = Debug|Win32
		{107A910E-399C-4450-AA9A-06A3D0FB6D34}.Release|x64.ActiveCfg = Release|x64
		{107A910E-399C-4450-AA9A-06A3D0FB6D34}.Release|x64.Build.0 = Release|x64
		{107A910E-399C-4450-AA9A-06A3D0FB6D34}.Release|x86.ActiveCfg = Release|Win32
		{107A910E-399C-4450-AA9A-06A3D0FB6D34}.Release|x86.Build.0 = Release|Win32
		{DAE48AC3-A1D8-494B-BEA4-F1BBF4F76956}.Debug|x64.ActiveCfg = Debug|x64
		{DAE48AC3-A1D8-494B-BEA4-F1BBF4F76956}.Debug|x64.Build.0 = Debug|x64
		{DAE48AC3-A1D8-494B-BEA4-F1BBF4F76956}.Debug|x86.ActiveCfg = Debug|Win32
		{DAE48AC3-A1D8-494B-BEA4-F1BBF4F76956}.Debug|x86.Build.0 = Debug|Win32
		{DAE48AC3-A1D8-494B-BEA4-F1BBF4F76956}.Release|x64.ActiveCfg = Release|x64
		{DAE48AC3-A1D8-494B-BEA4-F1BBF4F76956}.Release|x64.Build.0 = Release|x64
		{DAE48AC3-A1D8-494B-BEA4-F1BBF4F76956}.Release|x86.ActiveCfg = Release|Win32
		{DAE48AC3-A1D8-494B-BEA4-F1BBF4F76956}.Release|x86.Build.0 = Release|Win32
		{A89B5F9B-4460-4469-84FF-C67009A7972A}.Debug|x64.ActiveCfg = Debug|x64
		{A89B5F9B-4460-4469-84FF-C67009A7972A}.Debug|x64.Build.0 = Debug|x64
		{A89B5F9B-4460-4469-84FF-C67009A7972A}.Debug|x86.ActiveCfg = Debug|Win32
		{A89B5F9B-4460-4469-84FF-C67009A7972A}.Debug|x86.Build.0 = Debug|Win32
		{A89B5F9B-4460-4469-84FF-C67009A7972A}.Release|x64.ActiveCfg = Release|x64
		{A89B5F9B-4460-4469-84FF-C67009A7972A}.Release|x64.Build.0 = Release|x64
		{A89B5F9B-4460-4469-84FF-C67009A7972A}.Release|x86.ActiveCfg = Release|Win32
		{A89B5F9B-4460-4469-84FF-C67009A7972A}.Release|x86.Build.0 = Release|Win32
	EndGlobalSection
	GlobalSection(SolutionProperties) = preSolution
		HideSolutionNode = FALSE
	EndGlobalSection
	GlobalSection(ExtensibilityGlobals) = postSolution
		SolutionGuid = {E5EF789D-18BC-43B6-AEAE-78DAC855188F}
	EndGlobalSection
EndGlobal
