
Microsoft Visual Studio Solution File, Format Version 12.00
# Visual Studio Version 17
VisualStudioVersion = 17.14.36518.9
MinimumVisualStudioVersion = 10.0.40219.1
Project("{8BC9CEB8-8B4A-11D0-8D11-00A0C91BC942}") = "1", "1\1.vcxproj", "{17B2A787-825C-4355-BBF6-2518F5C988AA}"
EndProject
Project("{8BC9CEB8-8B4A-11D0-8D11-00A0C91BC942}") = "2", "2\2.vcxproj", "{3A6EA72F-388B-48F2-BF96-2AA683F59C72}"
EndProject
Project("{8BC9CEB8-8B4A-11D0-8D11-00A0C91BC942}") = "3", "3\3.vcxproj", "{9299A7BE-B2F8-4DF5-AEF2-CFDCA71AAD9A}"
EndProject
Project("{8BC9CEB8-8B4A-11D0-8D11-00A0C91BC942}") = "4", "4\4.vcxproj", "{3868A8AC-C2F8-483F-B203-F8188C24FAA5}"
EndProject
Project("{8BC9CEB8-8B4A-11D0-8D11-00A0C91BC942}") = "5", "5\5.vcxproj", "{2A536452-82A2-4D98-846F-0B8F5259F594}"
EndProject
Project("{8BC9CEB8-8B4A-11D0-8D11-00A0C91BC942}") = "6", "6\6.vcxproj", "{39CD3051-BA83-4BA1-B9A0-B6FCF4D48941}"
EndProject
Project("{8BC9CEB8-8B4A-11D0-8D11-00A0C91BC942}") = "7", "7\7.vcxproj", "{01BDE4AF-C79D-4DF7-AA38-A9F0CA18A391}"
EndProject
Project("{8BC9CEB8-8B4A-11D0-8D11-00A0C91BC942}") = "8", "8\8.vcxproj", "{6CAD2160-FEAD-40F0-AC19-09826207D758}"
EndProject
Project("{8BC9CEB8-8B4A-11D0-8D11-00A0C91BC942}") = "9", "9\9.vcxproj", "{FB28ABB6-2CC0-40F9-A11A-101761E33C37}"
EndProject
Global
	GlobalSection(SolutionConfigurationPlatforms) = preSolution
		Debug|x64 = Debug|x64
		Debug|x86 = Debug|x86
		Release|x64 = Release|x64
		Release|x86 = Release|x86
	EndGlobalSection
	GlobalSection(ProjectConfigurationPlatforms) = postSolution
		{17B2A787-825C-4355-BBF6-2518F5C988AA}.Debug|x64.ActiveCfg = Debug|x64
		{17B2A787-825C-4355-BBF6-2518F5C988AA}.Debug|x64.Build.0 = Debug|x64
		{17B2A787-825C-4355-BBF6-2518F5C988AA}.Debug|x86.ActiveCfg = Debug|Win32
		{17B2A787-825C-4355-BBF6-2518F5C988AA}.Debug|x86.Build.0 = Debug|Win32
		{17B2A787-825C-4355-BBF6-2518F5C988AA}.Release|x64.ActiveCfg = Release|x64
		{17B2A787-825C-4355-BBF6-2518F5C988AA}.Release|x64.Build.0 = Release|x64
		{17B2A787-825C-4355-BBF6-2518F5C988AA}.Release|x86.ActiveCfg = Release|Win32
		{17B2A787-825C-4355-BBF6-2518F5C988AA}.Release|x86.Build.0 = Release|Win32
		{3A6EA72F-388B-48F2-BF96-2AA683F59C72}.Debug|x64.ActiveCfg = Debug|x64
		{3A6EA72F-388B-48F2-BF96-2AA683F59C72}.Debug|x64.Build.0 = Debug|x64
		{3A6EA72F-388B-48F2-BF96-2AA683F59C72}.Debug|x86.ActiveCfg = Debug|Win32
		{3A6EA72F-388B-48F2-BF96-2AA683F59C72}.Debug|x86.Build.0 = Debug|Win32
		{3A6EA72F-388B-48F2-BF96-2AA683F59C72}.Release|x64.ActiveCfg = Release|x64
		{3A6EA72F-388B-48F2-BF96-2AA683F59C72}.Release|x64.Build.0 = Release|x64
		{3A6EA72F-388B-48F2-BF96-2AA683F59C72}.Release|x86.ActiveCfg = Release|Win32
		{3A6EA72F-388B-48F2-BF96-2AA683F59C72}.Release|x86.Build.0 = Release|Win32
		{9299A7BE-B2F8-4DF5-AEF2-CFDCA71AAD9A}.Debug|x64.ActiveCfg = Debug|x64
		{9299A7BE-B2F8-4DF5-AEF2-CFDCA71AAD9A}.Debug|x64.Build.0 = Debug|x64
		{9299A7BE-B2F8-4DF5-AEF2-CFDCA71AAD9A}.Debug|x86.ActiveCfg = Debug|Win32
		{9299A7BE-B2F8-4DF5-AEF2-CFDCA71AAD9A}.Debug|x86.Build.0 = Debug|Win32
		{9299A7BE-B2F8-4DF5-AEF2-CFDCA71AAD9A}.Release|x64.ActiveCfg = Release|x64
		{9299A7BE-B2F8-4DF5-AEF2-CFDCA71AAD9A}.Release|x64.Build.0 = Release|x64
		{9299A7BE-B2F8-4DF5-AEF2-CFDCA71AAD9A}.Release|x86.ActiveCfg = Release|Win32
		{9299A7BE-B2F8-4DF5-AEF2-CFDCA71AAD9A}.Release|x86.Build.0 = Release|Win32
		{3868A8AC-C2F8-483F-B203-F8188C24FAA5}.Debug|x64.ActiveCfg = Debug|x64
		{3868A8AC-C2F8-483F-B203-F8188C24FAA5}.Debug|x64.Build.0 = Debug|x64
		{3868A8AC-C2F8-483F-B203-F8188C24FAA5}.Debug|x86.ActiveCfg = Debug|Win32
		{3868A8AC-C2F8-483F-B203-F8188C24FAA5}.Debug|x86.Build.0 = Debug|Win32
		{3868A8AC-C2F8-483F-B203-F8188C24FAA5}.Release|x64.ActiveCfg = Release|x64
		{3868A8AC-C2F8-483F-B203-F8188C24FAA5}.Release|x64.Build.0 = Release|x64
		{3868A8AC-C2F8-483F-B203-F8188C24FAA5}.Release|x86.ActiveCfg = Release|Win32
		{3868A8AC-C2F8-483F-B203-F8188C24FAA5}.Release|x86.Build.0 = Release|Win32
		{2A536452-82A2-4D98-846F-0B8F5259F594}.Debug|x64.ActiveCfg = Debug|x64
		{2A536452-82A2-4D98-846F-0B8F5259F594}.Debug|x64.Build.0 = Debug|x64
		{2A536452-82A2-4D98-846F-0B8F5259F594}.Debug|x86.ActiveCfg = Debug|Win32
		{2A536452-82A2-4D98-846F-0B8F5259F594}.Debug|x86.Build.0 = Debug|Win32
		{2A536452-82A2-4D98-846F-0B8F5259F594}.Release|x64.ActiveCfg = Release|x64
		{2A536452-82A2-4D98-846F-0B8F5259F594}.Release|x64.Build.0 = Release|x64
		{2A536452-82A2-4D98-846F-0B8F5259F594}.Release|x86.ActiveCfg = Release|Win32
		{2A536452-82A2-4D98-846F-0B8F5259F594}.Release|x86.Build.0 = Release|Win32
		{39CD3051-BA83-4BA1-B9A0-B6FCF4D48941}.Debug|x64.ActiveCfg = Debug|x64
		{39CD3051-BA83-4BA1-B9A0-B6FCF4D48941}.Debug|x64.Build.0 = Debug|x64
		{39CD3051-BA83-4BA1-B9A0-B6FCF4D48941}.Debug|x86.ActiveCfg = Debug|Win32
		{39CD3051-BA83-4BA1-B9A0-B6FCF4D48941}.Debug|x86.Build.0 = Debug|Win32
		{39CD3051-BA83-4BA1-B9A0-B6FCF4D48941}.Release|x64.ActiveCfg = Release|x64
		{39CD3051-BA83-4BA1-B9A0-B6FCF4D48941}.Release|x64.Build.0 = Release|x64
		{39CD3051-BA83-4BA1-B9A0-B6FCF4D48941}.Release|x86.ActiveCfg = Release|Win32
		{39CD3051-BA83-4BA1-B9A0-B6FCF4D48941}.Release|x86.Build.0 = Release|Win32
		{01BDE4AF-C79D-4DF7-AA38-A9F0CA18A391}.Debug|x64.ActiveCfg = Debug|x64
		{01BDE4AF-C79D-4DF7-AA38-A9F0CA18A391}.Debug|x64.Build.0 = Debug|x64
		{01BDE4AF-C79D-4DF7-AA38-A9F0CA18A391}.Debug|x86.ActiveCfg = Debug|Win32
		{01BDE4AF-C79D-4DF7-AA38-A9F0CA18A391}.Debug|x86.Build.0 = Debug|Win32
		{01BDE4AF-C79D-4DF7-AA38-A9F0CA18A391}.Release|x64.ActiveCfg = Release|x64
		{01BDE4AF-C79D-4DF7-AA38-A9F0CA18A391}.Release|x64.Build.0 = Release|x64
		{01BDE4AF-C79D-4DF7-AA38-A9F0CA18A391}.Release|x86.ActiveCfg = Release|Win32
		{01BDE4AF-C79D-4DF7-AA38-A9F0CA18A391}.Release|x86.Build.0 = Release|Win32
		{6CAD2160-FEAD-40F0-AC19-09826207D758}.Debug|x64.ActiveCfg = Debug|x64
		{6CAD2160-FEAD-40F0-AC19-09826207D758}.Debug|x64.Build.0 = Debug|x64
		{6CAD2160-FEAD-40F0-AC19-09826207D758}.Debug|x86.ActiveCfg = Debug|Win32
		{6CAD2160-FEAD-40F0-AC19-09826207D758}.Debug|x86.Build.0 = Debug|Win32
		{6CAD2160-FEAD-40F0-AC19-09826207D758}.Release|x64.ActiveCfg = Release|x64
		{6CAD2160-FEAD-40F0-AC19-09826207D758}.Release|x64.Build.0 = Release|x64
		{6CAD2160-FEAD-40F0-AC19-09826207D758}.Release|x86.ActiveCfg = Release|Win32
		{6CAD2160-FEAD-40F0-AC19-09826207D758}.Release|x86.Build.0 = Release|Win32
		{FB28ABB6-2CC0-40F9-A11A-101761E33C37}.Debug|x64.ActiveCfg = Debug|x64
		{FB28ABB6-2CC0-40F9-A11A-101761E33C37}.Debug|x64.Build.0 = Debug|x64
		{FB28ABB6-2CC0-40F9-A11A-101761E33C37}.Debug|x86.ActiveCfg = Debug|Win32
		{FB28ABB6-2CC0-40F9-A11A-101761E33C37}.Debug|x86.Build.0 = Debug|Win32
		{FB28ABB6-2CC0-40F9-A11A-101761E33C37}.Release|x64.ActiveCfg = Release|x64
		{FB28ABB6-2CC0-40F9-A11A-101761E33C37}.Release|x64.Build.0 = Release|x64
		{FB28ABB6-2CC0-40F9-A11A-101761E33C37}.Release|x86.ActiveCfg = Release|Win32
		{FB28ABB6-2CC0-40F9-A11A-101761E33C37}.Release|x86.Build.0 = Release|Win32
	EndGlobalSection
	GlobalSection(SolutionProperties) = preSolution
		HideSolutionNode = FALSE
	EndGlobalSection
	GlobalSection(ExtensibilityGlobals) = postSolution
		SolutionGuid = {3F888909-4F61-4B38-9E90-57EFFA9FA555}
	EndGlobalSection
EndGlobal
