
Microsoft Visual Studio Solution File, Format Version 12.00
# Visual Studio Version 17
VisualStudioVersion = 17.14.36518.9
MinimumVisualStudioVersion = 10.0.40219.1
Project("{8BC9CEB8-8B4A-11D0-8D11-00A0C91BC942}") = "homawork-09.27.2025", "homawork-09.27.2025.vcxproj", "{657ED005-846A-4B13-88D3-9F1DBD58B630}"
EndProject
Project("{8BC9CEB8-8B4A-11D0-8D11-00A0C91BC942}") = "2", "..\2\2.vcxproj", "{7DAF068F-6AC7-45A2-AEC4-E2B9A8BDB232}"
EndProject
Project("{8BC9CEB8-8B4A-11D0-8D11-00A0C91BC942}") = "3", "..\3\3.vcxproj", "{C0CB19B9-DA70-482F-8E3B-CA58B29B963A}"
EndProject
Project("{8BC9CEB8-8B4A-11D0-8D11-00A0C91BC942}") = "4", "..\4\4.vcxproj", "{9A9C7106-4847-4898-9AF8-A062979F1AC0}"
EndProject
Project("{8BC9CEB8-8B4A-11D0-8D11-00A0C91BC942}") = "5", "..\5\5.vcxproj", "{30D074A6-C390-4DEF-A085-26C124E06F91}"
EndProject
Project("{8BC9CEB8-8B4A-11D0-8D11-00A0C91BC942}") = "6", "..\6\6.vcxproj", "{56297D64-AADC-4189-808D-D6C9FB3B7063}"
EndProject
Project("{8BC9CEB8-8B4A-11D0-8D11-00A0C91BC942}") = "7", "..\7\7.vcxproj", "{03736AF7-43AE-46F4-8D98-8661876A9B12}"
EndProject
Project("{8BC9CEB8-8B4A-11D0-8D11-00A0C91BC942}") = "8", "..\8\8.vcxproj", "{2396B3D7-68BE-48AB-A0A7-CB53A029C223}"
EndProject
Project("{8BC9CEB8-8B4A-11D0-8D11-00A0C91BC942}") = "9", "..\9\9.vcxproj", "{C8C5E886-B43C-4F8F-B423-6CB410159B86}"
EndProject
Project("{8BC9CEB8-8B4A-11D0-8D11-00A0C91BC942}") = "10", "..\10\10.vcxproj", "{E4D375A2-5F00-4F70-BEC1-E18B2F4A94E0}"
EndProject
Project("{8BC9CEB8-8B4A-11D0-8D11-00A0C91BC942}") = "11", "..\11\11.vcxproj", "{EDCD9F54-6FC4-4E70-B5EE-7BFF463150F7}"
EndProject
Project("{8BC9CEB8-8B4A-11D0-8D11-00A0C91BC942}") = "12", "..\12\12.vcxproj", "{1924D8B2-0DFB-4154-83C7-5DEC1C6BF717}"
EndProject
Project("{8BC9CEB8-8B4A-11D0-8D11-00A0C91BC942}") = "13", "..\13\13.vcxproj", "{88853A50-1D41-4E67-B313-C4B59E132FA5}"
EndProject
Project("{8BC9CEB8-8B4A-11D0-8D11-00A0C91BC942}") = "14", "..\14\14.vcxproj", "{0CD51640-1491-4001-894E-DC651C7C7610}"
EndProject
Project("{8BC9CEB8-8B4A-11D0-8D11-00A0C91BC942}") = "15", "..\15\15.vcxproj", "{4997121E-2673-4C0C-866C-80D7CA4EA82B}"
EndProject
Project("{8BC9CEB8-8B4A-11D0-8D11-00A0C91BC942}") = "16", "..\16\16.vcxproj", "{BED0231E-04A7-411C-8A08-E0F089A4B900}"
EndProject
Project("{8BC9CEB8-8B4A-11D0-8D11-00A0C91BC942}") = "17", "..\17\17.vcxproj", "{9BE119F3-0CBB-49ED-B9B3-B39CFFE15164}"
EndProject
Project("{8BC9CEB8-8B4A-11D0-8D11-00A0C91BC942}") = "18", "..\18\18.vcxproj", "{A414F76E-990A-4127-B63D-7552DCAE6D32}"
EndProject
Project("{8BC9CEB8-8B4A-11D0-8D11-00A0C91BC942}") = "19", "..\19\19.vcxproj", "{8A5F694C-E4C1-4369-9434-85B8418DB56C}"
EndProject
Project("{8BC9CEB8-8B4A-11D0-8D11-00A0C91BC942}") = "20", "..\20\20.vcxproj", "{8FD753CF-FE0D-4FFA-B0AF-B6DE8A797D66}"
EndProject
Project("{8BC9CEB8-8B4A-11D0-8D11-00A0C91BC942}") = "21", "..\21\21.vcxproj", "{B0CCA5C6-6DFA-4CDD-A9C7-0FA2B1FA20B9}"
EndProject
Global
	GlobalSection(SolutionConfigurationPlatforms) = preSolution
		Debug|x64 = Debug|x64
		Debug|x86 = Debug|x86
		Release|x64 = Release|x64
		Release|x86 = Release|x86
	EndGlobalSection
	GlobalSection(ProjectConfigurationPlatforms) = postSolution
		{657ED005-846A-4B13-88D3-9F1DBD58B630}.Debug|x64.ActiveCfg = Debug|x64
		{657ED005-846A-4B13-88D3-9F1DBD58B630}.Debug|x64.Build.0 = Debug|x64
		{657ED005-846A-4B13-88D3-9F1DBD58B630}.Debug|x86.ActiveCfg = Debug|Win32
		{657ED005-846A-4B13-88D3-9F1DBD58B630}.Debug|x86.Build.0 = Debug|Win32
		{657ED005-846A-4B13-88D3-9F1DBD58B630}.Release|x64.ActiveCfg = Release|x64
		{657ED005-846A-4B13-88D3-9F1DBD58B630}.Release|x64.Build.0 = Release|x64
		{657ED005-846A-4B13-88D3-9F1DBD58B630}.Release|x86.ActiveCfg = Release|Win32
		{657ED005-846A-4B13-88D3-9F1DBD58B630}.Release|x86.Build.0 = Release|Win32
		{7DAF068F-6AC7-45A2-AEC4-E2B9A8BDB232}.Debug|x64.ActiveCfg = Debug|x64
		{7DAF068F-6AC7-45A2-AEC4-E2B9A8BDB232}.Debug|x64.Build.0 = Debug|x64
		{7DAF068F-6AC7-45A2-AEC4-E2B9A8BDB232}.Debug|x86.ActiveCfg = Debug|Win32
		{7DAF068F-6AC7-45A2-AEC4-E2B9A8BDB232}.Debug|x86.Build.0 = Debug|Win32
		{7DAF068F-6AC7-45A2-AEC4-E2B9A8BDB232}.Release|x64.ActiveCfg = Release|x64
		{7DAF068F-6AC7-45A2-AEC4-E2B9A8BDB232}.Release|x64.Build.0 = Release|x64
		{7DAF068F-6AC7-45A2-AEC4-E2B9A8BDB232}.Release|x86.ActiveCfg = Release|Win32
		{7DAF068F-6AC7-45A2-AEC4-E2B9A8BDB232}.Release|x86.Build.0 = Release|Win32
		{C0CB19B9-DA70-482F-8E3B-CA58B29B963A}.Debug|x64.ActiveCfg = Debug|x64
		{C0CB19B9-DA70-482F-8E3B-CA58B29B963A}.Debug|x64.Build.0 = Debug|x64
		{C0CB19B9-DA70-482F-8E3B-CA58B29B963A}.Debug|x86.ActiveCfg = Debug|Win32
		{C0CB19B9-DA70-482F-8E3B-CA58B29B963A}.Debug|x86.Build.0 = Debug|Win32
		{C0CB19B9-DA70-482F-8E3B-CA58B29B963A}.Release|x64.ActiveCfg = Release|x64
		{C0CB19B9-DA70-482F-8E3B-CA58B29B963A}.Release|x64.Build.0 = Release|x64
		{C0CB19B9-DA70-482F-8E3B-CA58B29B963A}.Release|x86.ActiveCfg = Release|Win32
		{C0CB19B9-DA70-482F-8E3B-CA58B29B963A}.Release|x86.Build.0 = Release|Win32
		{9A9C7106-4847-4898-9AF8-A062979F1AC0}.Debug|x64.ActiveCfg = Debug|x64
		{9A9C7106-4847-4898-9AF8-A062979F1AC0}.Debug|x64.Build.0 = Debug|x64
		{9A9C7106-4847-4898-9AF8-A062979F1AC0}.Debug|x86.ActiveCfg = Debug|Win32
		{9A9C7106-4847-4898-9AF8-A062979F1AC0}.Debug|x86.Build.0 = Debug|Win32
		{9A9C7106-4847-4898-9AF8-A062979F1AC0}.Release|x64.ActiveCfg = Release|x64
		{9A9C7106-4847-4898-9AF8-A062979F1AC0}.Release|x64.Build.0 = Release|x64
		{9A9C7106-4847-4898-9AF8-A062979F1AC0}.Release|x86.ActiveCfg = Release|Win32
		{9A9C7106-4847-4898-9AF8-A062979F1AC0}.Release|x86.Build.0 = Release|Win32
		{30D074A6-C390-4DEF-A085-26C124E06F91}.Debug|x64.ActiveCfg = Debug|x64
		{30D074A6-C390-4DEF-A085-26C124E06F91}.Debug|x64.Build.0 = Debug|x64
		{30D074A6-C390-4DEF-A085-26C124E06F91}.Debug|x86.ActiveCfg = Debug|Win32
		{30D074A6-C390-4DEF-A085-26C124E06F91}.Debug|x86.Build.0 = Debug|Win32
		{30D074A6-C390-4DEF-A085-26C124E06F91}.Release|x64.ActiveCfg = Release|x64
		{30D074A6-C390-4DEF-A085-26C124E06F91}.Release|x64.Build.0 = Release|x64
		{30D074A6-C390-4DEF-A085-26C124E06F91}.Release|x86.ActiveCfg = Release|Win32
		{30D074A6-C390-4DEF-A085-26C124E06F91}.Release|x86.Build.0 = Release|Win32
		{56297D64-AADC-4189-808D-D6C9FB3B7063}.Debug|x64.ActiveCfg = Debug|x64
		{56297D64-AADC-4189-808D-D6C9FB3B7063}.Debug|x64.Build.0 = Debug|x64
		{56297D64-AADC-4189-808D-D6C9FB3B7063}.Debug|x86.ActiveCfg = Debug|Win32
		{56297D64-AADC-4189-808D-D6C9FB3B7063}.Debug|x86.Build.0 = Debug|Win32
		{56297D64-AADC-4189-808D-D6C9FB3B7063}.Release|x64.ActiveCfg = Release|x64
		{56297D64-AADC-4189-808D-D6C9FB3B7063}.Release|x64.Build.0 = Release|x64
		{56297D64-AADC-4189-808D-D6C9FB3B7063}.Release|x86.ActiveCfg = Release|Win32
		{56297D64-AADC-4189-808D-D6C9FB3B7063}.Release|x86.Build.0 = Release|Win32
		{03736AF7-43AE-46F4-8D98-8661876A9B12}.Debug|x64.ActiveCfg = Debug|x64
		{03736AF7-43AE-46F4-8D98-8661876A9B12}.Debug|x64.Build.0 = Debug|x64
		{03736AF7-43AE-46F4-8D98-8661876A9B12}.Debug|x86.ActiveCfg = Debug|Win32
		{03736AF7-43AE-46F4-8D98-8661876A9B12}.Debug|x86.Build.0 = Debug|Win32
		{03736AF7-43AE-46F4-8D98-8661876A9B12}.Release|x64.ActiveCfg = Release|x64
		{03736AF7-43AE-46F4-8D98-8661876A9B12}.Release|x64.Build.0 = Release|x64
		{03736AF7-43AE-46F4-8D98-8661876A9B12}.Release|x86.ActiveCfg = Release|Win32
		{03736AF7-43AE-46F4-8D98-8661876A9B12}.Release|x86.Build.0 = Release|Win32
		{2396B3D7-68BE-48AB-A0A7-CB53A029C223}.Debug|x64.ActiveCfg = Debug|x64
		{2396B3D7-68BE-48AB-A0A7-CB53A029C223}.Debug|x64.Build.0 = Debug|x64
		{2396B3D7-68BE-48AB-A0A7-CB53A029C223}.Debug|x86.ActiveCfg = Debug|Win32
		{2396B3D7-68BE-48AB-A0A7-CB53A029C223}.Debug|x86.Build.0 = Debug|Win32
		{2396B3D7-68BE-48AB-A0A7-CB53A029C223}.Release|x64.ActiveCfg = Release|x64
		{2396B3D7-68BE-48AB-A0A7-CB53A029C223}.Release|x64.Build.0 = Release|x64
		{2396B3D7-68BE-48AB-A0A7-CB53A029C223}.Release|x86.ActiveCfg = Release|Win32
		{2396B3D7-68BE-48AB-A0A7-CB53A029C223}.Release|x86.Build.0 = Release|Win32
		{C8C5E886-B43C-4F8F-B423-6CB410159B86}.Debug|x64.ActiveCfg = Debug|x64
		{C8C5E886-B43C-4F8F-B423-6CB410159B86}.Debug|x64.Build.0 = Debug|x64
		{C8C5E886-B43C-4F8F-B423-6CB410159B86}.Debug|x86.ActiveCfg = Debug|Win32
		{C8C5E886-B43C-4F8F-B423-6CB410159B86}.Debug|x86.Build.0 = Debug|Win32
		{C8C5E886-B43C-4F8F-B423-6CB410159B86}.Release|x64.ActiveCfg = Release|x64
		{C8C5E886-B43C-4F8F-B423-6CB410159B86}.Release|x64.Build.0 = Release|x64
		{C8C5E886-B43C-4F8F-B423-6CB410159B86}.Release|x86.ActiveCfg = Release|Win32
		{C8C5E886-B43C-4F8F-B423-6CB410159B86}.Release|x86.Build.0 = Release|Win32
		{E4D375A2-5F00-4F70-BEC1-E18B2F4A94E0}.Debug|x64.ActiveCfg = Debug|x64
		{E4D375A2-5F00-4F70-BEC1-E18B2F4A94E0}.Debug|x64.Build.0 = Debug|x64
		{E4D375A2-5F00-4F70-BEC1-E18B2F4A94E0}.Debug|x86.ActiveCfg = Debug|Win32
		{E4D375A2-5F00-4F70-BEC1-E18B2F4A94E0}.Debug|x86.Build.0 = Debug|Win32
		{E4D375A2-5F00-4F70-BEC1-E18B2F4A94E0}.Release|x64.ActiveCfg = Release|x64
		{E4D375A2-5F00-4F70-BEC1-E18B2F4A94E0}.Release|x64.Build.0 = Release|x64
		{E4D375A2-5F00-4F70-BEC1-E18B2F4A94E0}.Release|x86.ActiveCfg = Release|Win32
		{E4D375A2-5F00-4F70-BEC1-E18B2F4A94E0}.Release|x86.Build.0 = Release|Win32
		{EDCD9F54-6FC4-4E70-B5EE-7BFF463150F7}.Debug|x64.ActiveCfg = Debug|x64
		{EDCD9F54-6FC4-4E70-B5EE-7BFF463150F7}.Debug|x64.Build.0 = Debug|x64
		{EDCD9F54-6FC4-4E70-B5EE-7BFF463150F7}.Debug|x86.ActiveCfg = Debug|Win32
		{EDCD9F54-6FC4-4E70-B5EE-7BFF463150F7}.Debug|x86.Build.0 = Debug|Win32
		{EDCD9F54-6FC4-4E70-B5EE-7BFF463150F7}.Release|x64.ActiveCfg = Release|x64
		{EDCD9F54-6FC4-4E70-B5EE-7BFF463150F7}.Release|x64.Build.0 = Release|x64
		{EDCD9F54-6FC4-4E70-B5EE-7BFF463150F7}.Release|x86.ActiveCfg = Release|Win32
		{EDCD9F54-6FC4-4E70-B5EE-7BFF463150F7}.Release|x86.Build.0 = Release|Win32
		{1924D8B2-0DFB-4154-83C7-5DEC1C6BF717}.Debug|x64.ActiveCfg = Debug|x64
		{1924D8B2-0DFB-4154-83C7-5DEC1C6BF717}.Debug|x64.Build.0 = Debug|x64
		{1924D8B2-0DFB-4154-83C7-5DEC1C6BF717}.Debug|x86.ActiveCfg = Debug|Win32
		{1924D8B2-0DFB-4154-83C7-5DEC1C6BF717}.Debug|x86.Build.0 = Debug|Win32
		{1924D8B2-0DFB-4154-83C7-5DEC1C6BF717}.Release|x64.ActiveCfg = Release|x64
		{1924D8B2-0DFB-4154-83C7-5DEC1C6BF717}.Release|x64.Build.0 = Release|x64
		{1924D8B2-0DFB-4154-83C7-5DEC1C6BF717}.Release|x86.ActiveCfg = Release|Win32
		{1924D8B2-0DFB-4154-83C7-5DEC1C6BF717}.Release|x86.Build.0 = Release|Win32
		{88853A50-1D41-4E67-B313-C4B59E132FA5}.Debug|x64.ActiveCfg = Debug|x64
		{88853A50-1D41-4E67-B313-C4B59E132FA5}.Debug|x64.Build.0 = Debug|x64
		{88853A50-1D41-4E67-B313-C4B59E132FA5}.Debug|x86.ActiveCfg = Debug|Win32
		{88853A50-1D41-4E67-B313-C4B59E132FA5}.Debug|x86.Build.0 = Debug|Win32
		{88853A50-1D41-4E67-B313-C4B59E132FA5}.Release|x64.ActiveCfg = Release|x64
		{88853A50-1D41-4E67-B313-C4B59E132FA5}.Release|x64.Build.0 = Release|x64
		{88853A50-1D41-4E67-B313-C4B59E132FA5}.Release|x86.ActiveCfg = Release|Win32
		{88853A50-1D41-4E67-B313-C4B59E132FA5}.Release|x86.Build.0 = Release|Win32
		{0CD51640-1491-4001-894E-DC651C7C7610}.Debug|x64.ActiveCfg = Debug|x64
		{0CD51640-1491-4001-894E-DC651C7C7610}.Debug|x64.Build.0 = Debug|x64
		{0CD51640-1491-4001-894E-DC651C7C7610}.Debug|x86.ActiveCfg = Debug|Win32
		{0CD51640-1491-4001-894E-DC651C7C7610}.Debug|x86.Build.0 = Debug|Win32
		{0CD51640-1491-4001-894E-DC651C7C7610}.Release|x64.ActiveCfg = Release|x64
		{0CD51640-1491-4001-894E-DC651C7C7610}.Release|x64.Build.0 = Release|x64
		{0CD51640-1491-4001-894E-DC651C7C7610}.Release|x86.ActiveCfg = Release|Win32
		{0CD51640-1491-4001-894E-DC651C7C7610}.Release|x86.Build.0 = Release|Win32
		{4997121E-2673-4C0C-866C-80D7CA4EA82B}.Debug|x64.ActiveCfg = Debug|x64
		{4997121E-2673-4C0C-866C-80D7CA4EA82B}.Debug|x64.Build.0 = Debug|x64
		{4997121E-2673-4C0C-866C-80D7CA4EA82B}.Debug|x86.ActiveCfg = Debug|Win32
		{4997121E-2673-4C0C-866C-80D7CA4EA82B}.Debug|x86.Build.0 = Debug|Win32
		{4997121E-2673-4C0C-866C-80D7CA4EA82B}.Release|x64.ActiveCfg = Release|x64
		{4997121E-2673-4C0C-866C-80D7CA4EA82B}.Release|x64.Build.0 = Release|x64
		{4997121E-2673-4C0C-866C-80D7CA4EA82B}.Release|x86.ActiveCfg = Release|Win32
		{4997121E-2673-4C0C-866C-80D7CA4EA82B}.Release|x86.Build.0 = Release|Win32
		{BED0231E-04A7-411C-8A08-E0F089A4B900}.Debug|x64.ActiveCfg = Debug|x64
		{BED0231E-04A7-411C-8A08-E0F089A4B900}.Debug|x64.Build.0 = Debug|x64
		{BED0231E-04A7-411C-8A08-E0F089A4B900}.Debug|x86.ActiveCfg = Debug|Win32
		{BED0231E-04A7-411C-8A08-E0F089A4B900}.Debug|x86.Build.0 = Debug|Win32
		{BED0231E-04A7-411C-8A08-E0F089A4B900}.Release|x64.ActiveCfg = Release|x64
		{BED0231E-04A7-411C-8A08-E0F089A4B900}.Release|x64.Build.0 = Release|x64
		{BED0231E-04A7-411C-8A08-E0F089A4B900}.Release|x86.ActiveCfg = Release|Win32
		{BED0231E-04A7-411C-8A08-E0F089A4B900}.Release|x86.Build.0 = Release|Win32
		{9BE119F3-0CBB-49ED-B9B3-B39CFFE15164}.Debug|x64.ActiveCfg = Debug|x64
		{9BE119F3-0CBB-49ED-B9B3-B39CFFE15164}.Debug|x64.Build.0 = Debug|x64
		{9BE119F3-0CBB-49ED-B9B3-B39CFFE15164}.Debug|x86.ActiveCfg = Debug|Win32
		{9BE119F3-0CBB-49ED-B9B3-B39CFFE15164}.Debug|x86.Build.0 = Debug|Win32
		{9BE119F3-0CBB-49ED-B9B3-B39CFFE15164}.Release|x64.ActiveCfg = Release|x64
		{9BE119F3-0CBB-49ED-B9B3-B39CFFE15164}.Release|x64.Build.0 = Release|x64
		{9BE119F3-0CBB-49ED-B9B3-B39CFFE15164}.Release|x86.ActiveCfg = Release|Win32
		{9BE119F3-0CBB-49ED-B9B3-B39CFFE15164}.Release|x86.Build.0 = Release|Win32
		{A414F76E-990A-4127-B63D-7552DCAE6D32}.Debug|x64.ActiveCfg = Debug|x64
		{A414F76E-990A-4127-B63D-7552DCAE6D32}.Debug|x64.Build.0 = Debug|x64
		{A414F76E-990A-4127-B63D-7552DCAE6D32}.Debug|x86.ActiveCfg = Debug|Win32
		{A414F76E-990A-4127-B63D-7552DCAE6D32}.Debug|x86.Build.0 = Debug|Win32
		{A414F76E-990A-4127-B63D-7552DCAE6D32}.Release|x64.ActiveCfg = Release|x64
		{A414F76E-990A-4127-B63D-7552DCAE6D32}.Release|x64.Build.0 = Release|x64
		{A414F76E-990A-4127-B63D-7552DCAE6D32}.Release|x86.ActiveCfg = Release|Win32
		{A414F76E-990A-4127-B63D-7552DCAE6D32}.Release|x86.Build.0 = Release|Win32
		{8A5F694C-E4C1-4369-9434-85B8418DB56C}.Debug|x64.ActiveCfg = Debug|x64
		{8A5F694C-E4C1-4369-9434-85B8418DB56C}.Debug|x64.Build.0 = Debug|x64
		{8A5F694C-E4C1-4369-9434-85B8418DB56C}.Debug|x86.ActiveCfg = Debug|Win32
		{8A5F694C-E4C1-4369-9434-85B8418DB56C}.Debug|x86.Build.0 = Debug|Win32
		{8A5F694C-E4C1-4369-9434-85B8418DB56C}.Release|x64.ActiveCfg = Release|x64
		{8A5F694C-E4C1-4369-9434-85B8418DB56C}.Release|x64.Build.0 = Release|x64
		{8A5F694C-E4C1-4369-9434-85B8418DB56C}.Release|x86.ActiveCfg = Release|Win32
		{8A5F694C-E4C1-4369-9434-85B8418DB56C}.Release|x86.Build.0 = Release|Win32
		{8FD753CF-FE0D-4FFA-B0AF-B6DE8A797D66}.Debug|x64.ActiveCfg = Debug|x64
		{8FD753CF-FE0D-4FFA-B0AF-B6DE8A797D66}.Debug|x64.Build.0 = Debug|x64
		{8FD753CF-FE0D-4FFA-B0AF-B6DE8A797D66}.Debug|x86.ActiveCfg = Debug|Win32
		{8FD753CF-FE0D-4FFA-B0AF-B6DE8A797D66}.Debug|x86.Build.0 = Debug|Win32
		{8FD753CF-FE0D-4FFA-B0AF-B6DE8A797D66}.Release|x64.ActiveCfg = Release|x64
		{8FD753CF-FE0D-4FFA-B0AF-B6DE8A797D66}.Release|x64.Build.0 = Release|x64
		{8FD753CF-FE0D-4FFA-B0AF-B6DE8A797D66}.Release|x86.ActiveCfg = Release|Win32
		{8FD753CF-FE0D-4FFA-B0AF-B6DE8A797D66}.Release|x86.Build.0 = Release|Win32
		{B0CCA5C6-6DFA-4CDD-A9C7-0FA2B1FA20B9}.Debug|x64.ActiveCfg = Debug|x64
		{B0CCA5C6-6DFA-4CDD-A9C7-0FA2B1FA20B9}.Debug|x64.Build.0 = Debug|x64
		{B0CCA5C6-6DFA-4CDD-A9C7-0FA2B1FA20B9}.Debug|x86.ActiveCfg = Debug|Win32
		{B0CCA5C6-6DFA-4CDD-A9C7-0FA2B1FA20B9}.Debug|x86.Build.0 = Debug|Win32
		{B0CCA5C6-6DFA-4CDD-A9C7-0FA2B1FA20B9}.Release|x64.ActiveCfg = Release|x64
		{B0CCA5C6-6DFA-4CDD-A9C7-0FA2B1FA20B9}.Release|x64.Build.0 = Release|x64
		{B0CCA5C6-6DFA-4CDD-A9C7-0FA2B1FA20B9}.Release|x86.ActiveCfg = Release|Win32
		{B0CCA5C6-6DFA-4CDD-A9C7-0FA2B1FA20B9}.Release|x86.Build.0 = Release|Win32
	EndGlobalSection
	GlobalSection(SolutionProperties) = preSolution
		HideSolutionNode = FALSE
	EndGlobalSection
	GlobalSection(ExtensibilityGlobals) = postSolution
		SolutionGuid = {403E2A16-4280-4A1E-805B-016A95ADFAA1}
	EndGlobalSection
EndGlobal
